
Microsoft Visual Studio Solution File, Format Version 12.00
# Visual Studio Version 16
VisualStudioVersion = 16.0.31321.278
MinimumVisualStudioVersion = 10.0.40219.1
Project("{FAE04EC0-301F-11D3-BF4B-00C04F79EFBC}") = "Onlinemedical", "Onlinemedical\Onlinemedical.csproj", "{C3FBC8BD-B7F0-4792-AA67-9DF8FC0BA8B5}"
EndProject
Global
	GlobalSection(SolutionConfigurationPlatforms) = preSolution
		Debug|Any CPU = Debug|Any CPU
		Release|Any CPU = Release|Any CPU
	EndGlobalSection
	GlobalSection(ProjectConfigurationPlatforms) = postSolution
		{C3FBC8BD-B7F0-4792-AA67-9DF8FC0BA8B5}.Debug|Any CPU.ActiveCfg = Debug|Any CPU
		{C3FBC8BD-B7F0-4792-AA67-9DF8FC0BA8B5}.Debug|Any CPU.Build.0 = Debug|Any CPU
		{C3FBC8BD-B7F0-4792-AA67-9DF8FC0BA8B5}.Release|Any CPU.ActiveCfg = Release|Any CPU
		{C3FBC8BD-B7F0-4792-AA67-9DF8FC0BA8B5}.Release|Any CPU.Build.0 = Release|Any CPU
	EndGlobalSection
	GlobalSection(SolutionProperties) = preSolution
		HideSolutionNode = FALSE
	EndGlobalSection
	GlobalSection(ExtensibilityGlobals) = postSolution
		SolutionGuid = {C9A783C1-9B2B-4363-B15E-0019B769316C}
	EndGlobalSection
EndGlobal
